
Microsoft Visual Studio Solution File, Format Version 12.00
# Visual Studio Version 16
VisualStudioVersion = 16.0.28714.193
MinimumVisualStudioVersion = 10.0.40219.1
Project("{2150E333-8FDC-42A3-9474-1A3956D46DE8}") = "Presentation", "Presentation", "{A0555032-A407-4D7E-8066-939BA8F25573}"
EndProject
Project("{2150E333-8FDC-42A3-9474-1A3956D46DE8}") = "Application", "Application", "{DB1FD4E3-5CB4-451D-AEBF-564FC2CB988D}"
EndProject
Project("{2150E333-8FDC-42A3-9474-1A3956D46DE8}") = "Domain", "Domain", "{16F30F74-E54E-4A73-BF18-1295941CD601}"
EndProject
Project("{2150E333-8FDC-42A3-9474-1A3956D46DE8}") = "Infrastructure", "Infrastructure", "{4854499D-7605-4D98-B8F4-173E869DA6F7}"
EndProject
Project("{9A19103F-16F7-4668-BE54-9A1E7A4F7556}") = "SSS.Api", "SSS.Api\SSS.Api.csproj", "{FFCDA7DE-239A-49B0-99AB-44C5F83671BB}"
EndProject
Project("{9A19103F-16F7-4668-BE54-9A1E7A4F7556}") = "SSS.Application", "SSS.Application\SSS.Application.csproj", "{CD28F8C6-BA27-4AF4-B296-91D401BA707F}"
EndProject
Project("{9A19103F-16F7-4668-BE54-9A1E7A4F7556}") = "SSS.Infrastructure.Seedwork", "SSS.Infrastructure.Seedwork\SSS.Infrastructure.Seedwork.csproj", "{7A8CB802-B915-4939-8F82-FC6BADB24E6E}"
EndProject
Project("{9A19103F-16F7-4668-BE54-9A1E7A4F7556}") = "SSS.Application.Seedwork", "SSS.Application.Seedwork\SSS.Application.Seedwork.csproj", "{E93EA58C-1A35-4ABB-B8AA-A5BDDF7D8BB2}"
EndProject
Project("{FAE04EC0-301F-11D3-BF4B-00C04F79EFBC}") = "SSS.Api.Seedwork", "SSS.Api.Seedwork\SSS.Api.Seedwork.csproj", "{C43DC7B6-0F42-41E0-9303-967FD8C77A49}"
EndProject
Project("{FAE04EC0-301F-11D3-BF4B-00C04F79EFBC}") = "SSS.Domain.CQRS", "SSS.Domain.CQRS\SSS.Domain.CQRS.csproj", "{03183185-A8CE-4EC7-8D65-22129517BCB4}"
EndProject
Project("{FAE04EC0-301F-11D3-BF4B-00C04F79EFBC}") = "SSS.Domain.Seedwork", "SSS.Domain.Seedwork\SSS.Domain.Seedwork.csproj", "{20BFE924-0F0A-44E5-960A-EA2DA9F0DE4C}"
EndProject
Project("{FAE04EC0-301F-11D3-BF4B-00C04F79EFBC}") = "SSS.Infrastructure", "SSS.Infrastructure\SSS.Infrastructure.csproj", "{0B8AE6B6-D54A-4118-97FB-CE035156A006}"
EndProject
Project("{FAE04EC0-301F-11D3-BF4B-00C04F79EFBC}") = "SSS.Domain", "SSS.Domain\SSS.Domain.csproj", "{95D2B51C-C4A1-4FF3-B1E9-021289F9C801}"
EndProject
Global
	GlobalSection(SolutionConfigurationPlatforms) = preSolution
		Debug|Any CPU = Debug|Any CPU
		Release|Any CPU = Release|Any CPU
	EndGlobalSection
	GlobalSection(ProjectConfigurationPlatforms) = postSolution
		{FFCDA7DE-239A-49B0-99AB-44C5F83671BB}.Debug|Any CPU.ActiveCfg = Debug|Any CPU
		{FFCDA7DE-239A-49B0-99AB-44C5F83671BB}.Debug|Any CPU.Build.0 = Debug|Any CPU
		{FFCDA7DE-239A-49B0-99AB-44C5F83671BB}.Release|Any CPU.ActiveCfg = Release|Any CPU
		{FFCDA7DE-239A-49B0-99AB-44C5F83671BB}.Release|Any CPU.Build.0 = Release|Any CPU
		{CD28F8C6-BA27-4AF4-B296-91D401BA707F}.Debug|Any CPU.ActiveCfg = Debug|Any CPU
		{CD28F8C6-BA27-4AF4-B296-91D401BA707F}.Debug|Any CPU.Build.0 = Debug|Any CPU
		{CD28F8C6-BA27-4AF4-B296-91D401BA707F}.Release|Any CPU.ActiveCfg = Release|Any CPU
		{CD28F8C6-BA27-4AF4-B296-91D401BA707F}.Release|Any CPU.Build.0 = Release|Any CPU
		{7A8CB802-B915-4939-8F82-FC6BADB24E6E}.Debug|Any CPU.ActiveCfg = Debug|Any CPU
		{7A8CB802-B915-4939-8F82-FC6BADB24E6E}.Debug|Any CPU.Build.0 = Debug|Any CPU
		{7A8CB802-B915-4939-8F82-FC6BADB24E6E}.Release|Any CPU.ActiveCfg = Release|Any CPU
		{7A8CB802-B915-4939-8F82-FC6BADB24E6E}.Release|Any CPU.Build.0 = Release|Any CPU
		{E93EA58C-1A35-4ABB-B8AA-A5BDDF7D8BB2}.Debug|Any CPU.ActiveCfg = Debug|Any CPU
		{E93EA58C-1A35-4ABB-B8AA-A5BDDF7D8BB2}.Debug|Any CPU.Build.0 = Debug|Any CPU
		{E93EA58C-1A35-4ABB-B8AA-A5BDDF7D8BB2}.Release|Any CPU.ActiveCfg = Release|Any CPU
		{E93EA58C-1A35-4ABB-B8AA-A5BDDF7D8BB2}.Release|Any CPU.Build.0 = Release|Any CPU
		{C43DC7B6-0F42-41E0-9303-967FD8C77A49}.Debug|Any CPU.ActiveCfg = Debug|Any CPU
		{C43DC7B6-0F42-41E0-9303-967FD8C77A49}.Debug|Any CPU.Build.0 = Debug|Any CPU
		{C43DC7B6-0F42-41E0-9303-967FD8C77A49}.Release|Any CPU.ActiveCfg = Release|Any CPU
		{C43DC7B6-0F42-41E0-9303-967FD8C77A49}.Release|Any CPU.Build.0 = Release|Any CPU
		{03183185-A8CE-4EC7-8D65-22129517BCB4}.Debug|Any CPU.ActiveCfg = Debug|Any CPU
		{03183185-A8CE-4EC7-8D65-22129517BCB4}.Debug|Any CPU.Build.0 = Debug|Any CPU
		{03183185-A8CE-4EC7-8D65-22129517BCB4}.Release|Any CPU.ActiveCfg = Release|Any CPU
		{03183185-A8CE-4EC7-8D65-22129517BCB4}.Release|Any CPU.Build.0 = Release|Any CPU
		{20BFE924-0F0A-44E5-960A-EA2DA9F0DE4C}.Debug|Any CPU.ActiveCfg = Debug|Any CPU
		{20BFE924-0F0A-44E5-960A-EA2DA9F0DE4C}.Debug|Any CPU.Build.0 = Debug|Any CPU
		{20BFE924-0F0A-44E5-960A-EA2DA9F0DE4C}.Release|Any CPU.ActiveCfg = Release|Any CPU
		{20BFE924-0F0A-44E5-960A-EA2DA9F0DE4C}.Release|Any CPU.Build.0 = Release|Any CPU
		{0B8AE6B6-D54A-4118-97FB-CE035156A006}.Debug|Any CPU.ActiveCfg = Debug|Any CPU
		{0B8AE6B6-D54A-4118-97FB-CE035156A006}.Debug|Any CPU.Build.0 = Debug|Any CPU
		{0B8AE6B6-D54A-4118-97FB-CE035156A006}.Release|Any CPU.ActiveCfg = Release|Any CPU
		{0B8AE6B6-D54A-4118-97FB-CE035156A006}.Release|Any CPU.Build.0 = Release|Any CPU
		{95D2B51C-C4A1-4FF3-B1E9-021289F9C801}.Debug|Any CPU.ActiveCfg = Debug|Any CPU
		{95D2B51C-C4A1-4FF3-B1E9-021289F9C801}.Debug|Any CPU.Build.0 = Debug|Any CPU
		{95D2B51C-C4A1-4FF3-B1E9-021289F9C801}.Release|Any CPU.ActiveCfg = Release|Any CPU
		{95D2B51C-C4A1-4FF3-B1E9-021289F9C801}.Release|Any CPU.Build.0 = Release|Any CPU
	EndGlobalSection
	GlobalSection(SolutionProperties) = preSolution
		HideSolutionNode = FALSE
	EndGlobalSection
	GlobalSection(NestedProjects) = preSolution
		{FFCDA7DE-239A-49B0-99AB-44C5F83671BB} = {A0555032-A407-4D7E-8066-939BA8F25573}
		{CD28F8C6-BA27-4AF4-B296-91D401BA707F} = {DB1FD4E3-5CB4-451D-AEBF-564FC2CB988D}
		{7A8CB802-B915-4939-8F82-FC6BADB24E6E} = {4854499D-7605-4D98-B8F4-173E869DA6F7}
		{E93EA58C-1A35-4ABB-B8AA-A5BDDF7D8BB2} = {DB1FD4E3-5CB4-451D-AEBF-564FC2CB988D}
		{C43DC7B6-0F42-41E0-9303-967FD8C77A49} = {A0555032-A407-4D7E-8066-939BA8F25573}
		{03183185-A8CE-4EC7-8D65-22129517BCB4} = {16F30F74-E54E-4A73-BF18-1295941CD601}
		{20BFE924-0F0A-44E5-960A-EA2DA9F0DE4C} = {16F30F74-E54E-4A73-BF18-1295941CD601}
		{0B8AE6B6-D54A-4118-97FB-CE035156A006} = {4854499D-7605-4D98-B8F4-173E869DA6F7}
		{95D2B51C-C4A1-4FF3-B1E9-021289F9C801} = {16F30F74-E54E-4A73-BF18-1295941CD601}
	EndGlobalSection
	GlobalSection(ExtensibilityGlobals) = postSolution
		SolutionGuid = {B79E580D-F10B-49C2-B263-451E0C32800C}
	EndGlobalSection
EndGlobal
